// !$*UTF8*$!
{
	archiveVersion = 1;
	classes = {
	};
	objectVersion = 50;
	objects = {

/* Begin PBXBuildFile section */
		491F3DF2257DA17000162EC4 /* IntradayData.swift in Sources */ = {isa = PBXBuildFile; fileRef = 491F3DF1257DA17000162EC4 /* IntradayData.swift */; };
		4968C475257B6AF600A1D5E2 /* SettingTableViewController.swift in Sources */ = {isa = PBXBuildFile; fileRef = 4968C474257B6AF600A1D5E2 /* SettingTableViewController.swift */; };
		4968C4BB257B790500A1D5E2 /* Resource.swift in Sources */ = {isa = PBXBuildFile; fileRef = 4968C4BA257B790500A1D5E2 /* Resource.swift */; };
		4968C4C0257B794700A1D5E2 /* GenericResult.swift in Sources */ = {isa = PBXBuildFile; fileRef = 4968C4BF257B794700A1D5E2 /* GenericResult.swift */; };
		4968C4C5257B79BD00A1D5E2 /* URLRequest+Resource.swift in Sources */ = {isa = PBXBuildFile; fileRef = 4968C4C4257B79BD00A1D5E2 /* URLRequest+Resource.swift */; };
		4968C4CA257B82C000A1D5E2 /* APIClient.swift in Sources */ = {isa = PBXBuildFile; fileRef = 4968C4C9257B82C000A1D5E2 /* APIClient.swift */; };
		4968C4CF257B842800A1D5E2 /* Repository.swift in Sources */ = {isa = PBXBuildFile; fileRef = 4968C4CE257B842800A1D5E2 /* Repository.swift */; };
		4968C4D5257B983F00A1D5E2 /* IntradayHeaderTableViewCell.swift in Sources */ = {isa = PBXBuildFile; fileRef = 4968C4D3257B983F00A1D5E2 /* IntradayHeaderTableViewCell.swift */; };
		4968C4D6257B983F00A1D5E2 /* IntradayHeaderTableViewCell.xib in Resources */ = {isa = PBXBuildFile; fileRef = 4968C4D4257B983F00A1D5E2 /* IntradayHeaderTableViewCell.xib */; };
		4968C4DE257CC49700A1D5E2 /* Extension.swift in Sources */ = {isa = PBXBuildFile; fileRef = 4968C4DD257CC49700A1D5E2 /* Extension.swift */; };
		4968C4E3257CC59B00A1D5E2 /* Spinner.swift in Sources */ = {isa = PBXBuildFile; fileRef = 4968C4E2257CC59B00A1D5E2 /* Spinner.swift */; };
		4968C4E8257CCADA00A1D5E2 /* DailyData.swift in Sources */ = {isa = PBXBuildFile; fileRef = 4968C4E7257CCADA00A1D5E2 /* DailyData.swift */; };
		4968C4EE257CD20D00A1D5E2 /* DailyData1HeaderTableViewCell.swift in Sources */ = {isa = PBXBuildFile; fileRef = 4968C4EC257CD20D00A1D5E2 /* DailyData1HeaderTableViewCell.swift */; };
		4968C4EF257CD20D00A1D5E2 /* DailyData1HeaderTableViewCell.xib in Resources */ = {isa = PBXBuildFile; fileRef = 4968C4ED257CD20D00A1D5E2 /* DailyData1HeaderTableViewCell.xib */; };
		4968C501257D127800A1D5E2 /* DailyData2TableViewCell.swift in Sources */ = {isa = PBXBuildFile; fileRef = 4968C4FF257D127800A1D5E2 /* DailyData2TableViewCell.swift */; };
		4968C502257D127800A1D5E2 /* DailyData2TableViewCell.xib in Resources */ = {isa = PBXBuildFile; fileRef = 4968C500257D127800A1D5E2 /* DailyData2TableViewCell.xib */; };
		4968C508257D128500A1D5E2 /* DailyData3TableViewCell.swift in Sources */ = {isa = PBXBuildFile; fileRef = 4968C506257D128500A1D5E2 /* DailyData3TableViewCell.swift */; };
		4968C509257D128500A1D5E2 /* DailyData3TableViewCell.xib in Resources */ = {isa = PBXBuildFile; fileRef = 4968C507257D128500A1D5E2 /* DailyData3TableViewCell.xib */; };
		4968C50F257D12A400A1D5E2 /* DailyData2HeaderTableViewCell.swift in Sources */ = {isa = PBXBuildFile; fileRef = 4968C50D257D12A400A1D5E2 /* DailyData2HeaderTableViewCell.swift */; };
		4968C510257D12A400A1D5E2 /* DailyData2HeaderTableViewCell.xib in Resources */ = {isa = PBXBuildFile; fileRef = 4968C50E257D12A400A1D5E2 /* DailyData2HeaderTableViewCell.xib */; };
		4968C519257D12AF00A1D5E2 /* DailyData3HeaderTableViewCell.swift in Sources */ = {isa = PBXBuildFile; fileRef = 4968C517257D12AF00A1D5E2 /* DailyData3HeaderTableViewCell.swift */; };
		4968C51A257D12AF00A1D5E2 /* DailyData3HeaderTableViewCell.xib in Resources */ = {isa = PBXBuildFile; fileRef = 4968C518257D12AF00A1D5E2 /* DailyData3HeaderTableViewCell.xib */; };
		49BA1909257B198900CD7BEC /* DataSymbolViewCell.xib in Resources */ = {isa = PBXBuildFile; fileRef = 49BA1908257B198900CD7BEC /* DataSymbolViewCell.xib */; };
		49BA1916257B1B2F00CD7BEC /* IntradayViewController.swift in Sources */ = {isa = PBXBuildFile; fileRef = 49BA1915257B1B2F00CD7BEC /* IntradayViewController.swift */; };
		49BA191E257B1EDA00CD7BEC /* DataSymbolTableViewCell.swift in Sources */ = {isa = PBXBuildFile; fileRef = 49BA191D257B1EDA00CD7BEC /* DataSymbolTableViewCell.swift */; };
		49BA1933257B3F8A00CD7BEC /* DailyDataViewController.swift in Sources */ = {isa = PBXBuildFile; fileRef = 49BA1932257B3F8A00CD7BEC /* DailyDataViewController.swift */; };
		49BA1949257B40A800CD7BEC /* DailyData1TableViewCell.swift in Sources */ = {isa = PBXBuildFile; fileRef = 49BA1947257B40A800CD7BEC /* DailyData1TableViewCell.swift */; };
		49BA194A257B40A800CD7BEC /* DailyData1TableViewCell.xib in Resources */ = {isa = PBXBuildFile; fileRef = 49BA1948257B40A800CD7BEC /* DailyData1TableViewCell.xib */; };
		49E0E20D2579D62600A18908 /* AppDelegate.swift in Sources */ = {isa = PBXBuildFile; fileRef = 49E0E20C2579D62600A18908 /* AppDelegate.swift */; };
		49E0E20F2579D62600A18908 /* SceneDelegate.swift in Sources */ = {isa = PBXBuildFile; fileRef = 49E0E20E2579D62600A18908 /* SceneDelegate.swift */; };
		49E0E2142579D62600A18908 /* Main.storyboard in Resources */ = {isa = PBXBuildFile; fileRef = 49E0E2122579D62600A18908 /* Main.storyboard */; };
		49E0E2162579D62700A18908 /* Assets.xcassets in Resources */ = {isa = PBXBuildFile; fileRef = 49E0E2152579D62700A18908 /* Assets.xcassets */; };
		49E0E2192579D62700A18908 /* LaunchScreen.storyboard in Resources */ = {isa = PBXBuildFile; fileRef = 49E0E2172579D62700A18908 /* LaunchScreen.storyboard */; };
		49E0E2242579D62800A18908 /* StockPreviewTests.swift in Sources */ = {isa = PBXBuildFile; fileRef = 49E0E2232579D62800A18908 /* StockPreviewTests.swift */; };
		49E0E22F2579D62800A18908 /* StockPreviewUITests.swift in Sources */ = {isa = PBXBuildFile; fileRef = 49E0E22E2579D62800A18908 /* StockPreviewUITests.swift */; };
/* End PBXBuildFile section */

/* Begin PBXContainerItemProxy section */
		49E0E2202579D62800A18908 /* PBXContainerItemProxy */ = {
			isa = PBXContainerItemProxy;
			containerPortal = 49E0E2012579D62600A18908 /* Project object */;
			proxyType = 1;
			remoteGlobalIDString = 49E0E2082579D62600A18908;
			remoteInfo = StockPreview;
		};
		49E0E22B2579D62800A18908 /* PBXContainerItemProxy */ = {
			isa = PBXContainerItemProxy;
			containerPortal = 49E0E2012579D62600A18908 /* Project object */;
			proxyType = 1;
			remoteGlobalIDString = 49E0E2082579D62600A18908;
			remoteInfo = StockPreview;
		};
/* End PBXContainerItemProxy section */

/* Begin PBXFileReference section */
		491F3DF1257DA17000162EC4 /* IntradayData.swift */ = {isa = PBXFileReference; lastKnownFileType = sourcecode.swift; path = IntradayData.swift; sourceTree = "<group>"; };
		4968C474257B6AF600A1D5E2 /* SettingTableViewController.swift */ = {isa = PBXFileReference; lastKnownFileType = sourcecode.swift; path = SettingTableViewController.swift; sourceTree = "<group>"; };
		4968C4BA257B790500A1D5E2 /* Resource.swift */ = {isa = PBXFileReference; lastKnownFileType = sourcecode.swift; path = Resource.swift; sourceTree = "<group>"; };
		4968C4BF257B794700A1D5E2 /* GenericResult.swift */ = {isa = PBXFileReference; lastKnownFileType = sourcecode.swift; path = GenericResult.swift; sourceTree = "<group>"; };
		4968C4C4257B79BD00A1D5E2 /* URLRequest+Resource.swift */ = {isa = PBXFileReference; lastKnownFileType = sourcecode.swift; path = "URLRequest+Resource.swift"; sourceTree = "<group>"; };
		4968C4C9257B82C000A1D5E2 /* APIClient.swift */ = {isa = PBXFileReference; lastKnownFileType = sourcecode.swift; path = APIClient.swift; sourceTree = "<group>"; };
		4968C4CE257B842800A1D5E2 /* Repository.swift */ = {isa = PBXFileReference; lastKnownFileType = sourcecode.swift; path = Repository.swift; sourceTree = "<group>"; };
		4968C4D3257B983F00A1D5E2 /* IntradayHeaderTableViewCell.swift */ = {isa = PBXFileReference; lastKnownFileType = sourcecode.swift; path = IntradayHeaderTableViewCell.swift; sourceTree = "<group>"; };
		4968C4D4257B983F00A1D5E2 /* IntradayHeaderTableViewCell.xib */ = {isa = PBXFileReference; lastKnownFileType = file.xib; path = IntradayHeaderTableViewCell.xib; sourceTree = "<group>"; };
		4968C4DD257CC49700A1D5E2 /* Extension.swift */ = {isa = PBXFileReference; lastKnownFileType = sourcecode.swift; path = Extension.swift; sourceTree = "<group>"; };
		4968C4E2257CC59B00A1D5E2 /* Spinner.swift */ = {isa = PBXFileReference; lastKnownFileType = sourcecode.swift; path = Spinner.swift; sourceTree = "<group>"; };
		4968C4E7257CCADA00A1D5E2 /* DailyData.swift */ = {isa = PBXFileReference; lastKnownFileType = sourcecode.swift; path = DailyData.swift; sourceTree = "<group>"; };
		4968C4EC257CD20D00A1D5E2 /* DailyData1HeaderTableViewCell.swift */ = {isa = PBXFileReference; lastKnownFileType = sourcecode.swift; path = DailyData1HeaderTableViewCell.swift; sourceTree = "<group>"; };
		4968C4ED257CD20D00A1D5E2 /* DailyData1HeaderTableViewCell.xib */ = {isa = PBXFileReference; lastKnownFileType = file.xib; path = DailyData1HeaderTableViewCell.xib; sourceTree = "<group>"; };
		4968C4FF257D127800A1D5E2 /* DailyData2TableViewCell.swift */ = {isa = PBXFileReference; lastKnownFileType = sourcecode.swift; path = DailyData2TableViewCell.swift; sourceTree = "<group>"; };
		4968C500257D127800A1D5E2 /* DailyData2TableViewCell.xib */ = {isa = PBXFileReference; lastKnownFileType = file.xib; path = DailyData2TableViewCell.xib; sourceTree = "<group>"; };
		4968C506257D128500A1D5E2 /* DailyData3TableViewCell.swift */ = {isa = PBXFileReference; lastKnownFileType = sourcecode.swift; path = DailyData3TableViewCell.swift; sourceTree = "<group>"; };
		4968C507257D128500A1D5E2 /* DailyData3TableViewCell.xib */ = {isa = PBXFileReference; lastKnownFileType = file.xib; path = DailyData3TableViewCell.xib; sourceTree = "<group>"; };
		4968C50D257D12A400A1D5E2 /* DailyData2HeaderTableViewCell.swift */ = {isa = PBXFileReference; lastKnownFileType = sourcecode.swift; path = DailyData2HeaderTableViewCell.swift; sourceTree = "<group>"; };
		4968C50E257D12A400A1D5E2 /* DailyData2HeaderTableViewCell.xib */ = {isa = PBXFileReference; lastKnownFileType = file.xib; path = DailyData2HeaderTableViewCell.xib; sourceTree = "<group>"; };
		4968C517257D12AF00A1D5E2 /* DailyData3HeaderTableViewCell.swift */ = {isa = PBXFileReference; lastKnownFileType = sourcecode.swift; path = DailyData3HeaderTableViewCell.swift; sourceTree = "<group>"; };
		4968C518257D12AF00A1D5E2 /* DailyData3HeaderTableViewCell.xib */ = {isa = PBXFileReference; lastKnownFileType = file.xib; path = DailyData3HeaderTableViewCell.xib; sourceTree = "<group>"; };
		49BA1908257B198900CD7BEC /* DataSymbolViewCell.xib */ = {isa = PBXFileReference; lastKnownFileType = file.xib; path = DataSymbolViewCell.xib; sourceTree = "<group>"; };
		49BA1915257B1B2F00CD7BEC /* IntradayViewController.swift */ = {isa = PBXFileReference; lastKnownFileType = sourcecode.swift; path = IntradayViewController.swift; sourceTree = "<group>"; };
		49BA191D257B1EDA00CD7BEC /* DataSymbolTableViewCell.swift */ = {isa = PBXFileReference; lastKnownFileType = sourcecode.swift; path = DataSymbolTableViewCell.swift; sourceTree = "<group>"; };
		49BA1932257B3F8A00CD7BEC /* DailyDataViewController.swift */ = {isa = PBXFileReference; lastKnownFileType = sourcecode.swift; path = DailyDataViewController.swift; sourceTree = "<group>"; };
		49BA1947257B40A800CD7BEC /* DailyData1TableViewCell.swift */ = {isa = PBXFileReference; lastKnownFileType = sourcecode.swift; path = DailyData1TableViewCell.swift; sourceTree = "<group>"; };
		49BA1948257B40A800CD7BEC /* DailyData1TableViewCell.xib */ = {isa = PBXFileReference; lastKnownFileType = file.xib; path = DailyData1TableViewCell.xib; sourceTree = "<group>"; };
		49E0E2092579D62600A18908 /* StockPreview.app */ = {isa = PBXFileReference; explicitFileType = wrapper.application; includeInIndex = 0; path = StockPreview.app; sourceTree = BUILT_PRODUCTS_DIR; };
		49E0E20C2579D62600A18908 /* AppDelegate.swift */ = {isa = PBXFileReference; lastKnownFileType = sourcecode.swift; path = AppDelegate.swift; sourceTree = "<group>"; };
		49E0E20E2579D62600A18908 /* SceneDelegate.swift */ = {isa = PBXFileReference; lastKnownFileType = sourcecode.swift; path = SceneDelegate.swift; sourceTree = "<group>"; };
		49E0E2132579D62600A18908 /* Base */ = {isa = PBXFileReference; lastKnownFileType = file.storyboard; name = Base; path = Base.lproj/Main.storyboard; sourceTree = "<group>"; };
		49E0E2152579D62700A18908 /* Assets.xcassets */ = {isa = PBXFileReference; lastKnownFileType = folder.assetcatalog; path = Assets.xcassets; sourceTree = "<group>"; };
		49E0E2182579D62700A18908 /* Base */ = {isa = PBXFileReference; lastKnownFileType = file.storyboard; name = Base; path = Base.lproj/LaunchScreen.storyboard; sourceTree = "<group>"; };
		49E0E21A2579D62700A18908 /* Info.plist */ = {isa = PBXFileReference; lastKnownFileType = text.plist.xml; path = Info.plist; sourceTree = "<group>"; };
		49E0E21F2579D62800A18908 /* StockPreviewTests.xctest */ = {isa = PBXFileReference; explicitFileType = wrapper.cfbundle; includeInIndex = 0; path = StockPreviewTests.xctest; sourceTree = BUILT_PRODUCTS_DIR; };
		49E0E2232579D62800A18908 /* StockPreviewTests.swift */ = {isa = PBXFileReference; lastKnownFileType = sourcecode.swift; path = StockPreviewTests.swift; sourceTree = "<group>"; };
		49E0E2252579D62800A18908 /* Info.plist */ = {isa = PBXFileReference; lastKnownFileType = text.plist.xml; path = Info.plist; sourceTree = "<group>"; };
		49E0E22A2579D62800A18908 /* StockPreviewUITests.xctest */ = {isa = PBXFileReference; explicitFileType = wrapper.cfbundle; includeInIndex = 0; path = StockPreviewUITests.xctest; sourceTree = BUILT_PRODUCTS_DIR; };
		49E0E22E2579D62800A18908 /* StockPreviewUITests.swift */ = {isa = PBXFileReference; lastKnownFileType = sourcecode.swift; path = StockPreviewUITests.swift; sourceTree = "<group>"; };
		49E0E2302579D62800A18908 /* Info.plist */ = {isa = PBXFileReference; lastKnownFileType = text.plist.xml; path = Info.plist; sourceTree = "<group>"; };
/* End PBXFileReference section */

/* Begin PBXFrameworksBuildPhase section */
		49E0E2062579D62600A18908 /* Frameworks */ = {
			isa = PBXFrameworksBuildPhase;
			buildActionMask = 2147483647;
			files = (
			);
			runOnlyForDeploymentPostprocessing = 0;
		};
		49E0E21C2579D62800A18908 /* Frameworks */ = {
			isa = PBXFrameworksBuildPhase;
			buildActionMask = 2147483647;
			files = (
			);
			runOnlyForDeploymentPostprocessing = 0;
		};
		49E0E2272579D62800A18908 /* Frameworks */ = {
			isa = PBXFrameworksBuildPhase;
			buildActionMask = 2147483647;
			files = (
			);
			runOnlyForDeploymentPostprocessing = 0;
		};
/* End PBXFrameworksBuildPhase section */

/* Begin PBXGroup section */
		4968C4B8257B778600A1D5E2 /* Helper */ = {
			isa = PBXGroup;
			children = (
				4968C4B9257B779900A1D5E2 /* Networking */,
				4968C4DD257CC49700A1D5E2 /* Extension.swift */,
				4968C4E2257CC59B00A1D5E2 /* Spinner.swift */,
			);
			path = Helper;
			sourceTree = "<group>";
		};
		4968C4B9257B779900A1D5E2 /* Networking */ = {
			isa = PBXGroup;
			children = (
				4968C4BA257B790500A1D5E2 /* Resource.swift */,
				4968C4BF257B794700A1D5E2 /* GenericResult.swift */,
				4968C4C4257B79BD00A1D5E2 /* URLRequest+Resource.swift */,
				4968C4C9257B82C000A1D5E2 /* APIClient.swift */,
				4968C4CE257B842800A1D5E2 /* Repository.swift */,
			);
			path = Networking;
			sourceTree = "<group>";
		};
		4968C4F7257CD4ED00A1D5E2 /* DailyData */ = {
			isa = PBXGroup;
			children = (
				49BA1932257B3F8A00CD7BEC /* DailyDataViewController.swift */,
				49BA1947257B40A800CD7BEC /* DailyData1TableViewCell.swift */,
				4968C4FF257D127800A1D5E2 /* DailyData2TableViewCell.swift */,
				4968C506257D128500A1D5E2 /* DailyData3TableViewCell.swift */,
				4968C4EC257CD20D00A1D5E2 /* DailyData1HeaderTableViewCell.swift */,
				4968C50D257D12A400A1D5E2 /* DailyData2HeaderTableViewCell.swift */,
				4968C517257D12AF00A1D5E2 /* DailyData3HeaderTableViewCell.swift */,
			);
			path = DailyData;
			sourceTree = "<group>";
		};
		4968C4FB257CD4F600A1D5E2 /* Intraday */ = {
			isa = PBXGroup;
			children = (
				49BA1915257B1B2F00CD7BEC /* IntradayViewController.swift */,
				4968C4D3257B983F00A1D5E2 /* IntradayHeaderTableViewCell.swift */,
				49BA191D257B1EDA00CD7BEC /* DataSymbolTableViewCell.swift */,
			);
			path = Intraday;
			sourceTree = "<group>";
		};
		4968C521257D298100A1D5E2 /* Setting */ = {
			isa = PBXGroup;
			children = (
				4968C474257B6AF600A1D5E2 /* SettingTableViewController.swift */,
			);
			path = Setting;
			sourceTree = "<group>";
		};
		49BA18F6257B12B700CD7BEC /* Model */ = {
			isa = PBXGroup;
			children = (
				491F3DF1257DA17000162EC4 /* IntradayData.swift */,
				4968C4E7257CCADA00A1D5E2 /* DailyData.swift */,
			);
			path = Model;
			sourceTree = "<group>";
		};
		49BA18FA257B12C000CD7BEC /* View */ = {
			isa = PBXGroup;
			children = (
				49E0E2172579D62700A18908 /* LaunchScreen.storyboard */,
				49E0E2122579D62600A18908 /* Main.storyboard */,
				49BA1908257B198900CD7BEC /* DataSymbolViewCell.xib */,
				4968C4D4257B983F00A1D5E2 /* IntradayHeaderTableViewCell.xib */,
				49BA1948257B40A800CD7BEC /* DailyData1TableViewCell.xib */,
				4968C500257D127800A1D5E2 /* DailyData2TableViewCell.xib */,
				4968C507257D128500A1D5E2 /* DailyData3TableViewCell.xib */,
				4968C4ED257CD20D00A1D5E2 /* DailyData1HeaderTableViewCell.xib */,
				4968C50E257D12A400A1D5E2 /* DailyData2HeaderTableViewCell.xib */,
				4968C518257D12AF00A1D5E2 /* DailyData3HeaderTableViewCell.xib */,
			);
			path = View;
			sourceTree = "<group>";
		};
		49BA18FB257B12C500CD7BEC /* Controller */ = {
			isa = PBXGroup;
			children = (
				49BA18FC257B12F100CD7BEC /* AppConfig */,
				4968C4FB257CD4F600A1D5E2 /* Intraday */,
				4968C4F7257CD4ED00A1D5E2 /* DailyData */,
				4968C521257D298100A1D5E2 /* Setting */,
			);
			path = Controller;
			sourceTree = "<group>";
		};
		49BA18FC257B12F100CD7BEC /* AppConfig */ = {
			isa = PBXGroup;
			children = (
				49E0E20E2579D62600A18908 /* SceneDelegate.swift */,
				49E0E20C2579D62600A18908 /* AppDelegate.swift */,
			);
			path = AppConfig;
			sourceTree = "<group>";
		};
		49E0E2002579D62600A18908 = {
			isa = PBXGroup;
			children = (
				49E0E20B2579D62600A18908 /* StockPreview */,
				49E0E2222579D62800A18908 /* StockPreviewTests */,
				49E0E22D2579D62800A18908 /* StockPreviewUITests */,
				49E0E20A2579D62600A18908 /* Products */,
			);
			sourceTree = "<group>";
		};
		49E0E20A2579D62600A18908 /* Products */ = {
			isa = PBXGroup;
			children = (
				49E0E2092579D62600A18908 /* StockPreview.app */,
				49E0E21F2579D62800A18908 /* StockPreviewTests.xctest */,
				49E0E22A2579D62800A18908 /* StockPreviewUITests.xctest */,
			);
			name = Products;
			sourceTree = "<group>";
		};
		49E0E20B2579D62600A18908 /* StockPreview */ = {
			isa = PBXGroup;
			children = (
				4968C4B8257B778600A1D5E2 /* Helper */,
				49BA18F6257B12B700CD7BEC /* Model */,
				49BA18FA257B12C000CD7BEC /* View */,
				49BA18FB257B12C500CD7BEC /* Controller */,
				49E0E2152579D62700A18908 /* Assets.xcassets */,
				49E0E21A2579D62700A18908 /* Info.plist */,
			);
			path = StockPreview;
			sourceTree = "<group>";
		};
		49E0E2222579D62800A18908 /* StockPreviewTests */ = {
			isa = PBXGroup;
			children = (
				49E0E2232579D62800A18908 /* StockPreviewTests.swift */,
				49E0E2252579D62800A18908 /* Info.plist */,
			);
			path = StockPreviewTests;
			sourceTree = "<group>";
		};
		49E0E22D2579D62800A18908 /* StockPreviewUITests */ = {
			isa = PBXGroup;
			children = (
				49E0E22E2579D62800A18908 /* StockPreviewUITests.swift */,
				49E0E2302579D62800A18908 /* Info.plist */,
			);
			path = StockPreviewUITests;
			sourceTree = "<group>";
		};
/* End PBXGroup section */

/* Begin PBXNativeTarget section */
		49E0E2082579D62600A18908 /* StockPreview */ = {
			isa = PBXNativeTarget;
			buildConfigurationList = 49E0E2332579D62800A18908 /* Build configuration list for PBXNativeTarget "StockPreview" */;
			buildPhases = (
				49E0E2052579D62600A18908 /* Sources */,
				49E0E2062579D62600A18908 /* Frameworks */,
				49E0E2072579D62600A18908 /* Resources */,
			);
			buildRules = (
			);
			dependencies = (
			);
			name = StockPreview;
			productName = StockPreview;
			productReference = 49E0E2092579D62600A18908 /* StockPreview.app */;
			productType = "com.apple.product-type.application";
		};
		49E0E21E2579D62800A18908 /* StockPreviewTests */ = {
			isa = PBXNativeTarget;
			buildConfigurationList = 49E0E2362579D62800A18908 /* Build configuration list for PBXNativeTarget "StockPreviewTests" */;
			buildPhases = (
				49E0E21B2579D62800A18908 /* Sources */,
				49E0E21C2579D62800A18908 /* Frameworks */,
				49E0E21D2579D62800A18908 /* Resources */,
			);
			buildRules = (
			);
			dependencies = (
				49E0E2212579D62800A18908 /* PBXTargetDependency */,
			);
			name = StockPreviewTests;
			productName = StockPreviewTests;
			productReference = 49E0E21F2579D62800A18908 /* StockPreviewTests.xctest */;
			productType = "com.apple.product-type.bundle.unit-test";
		};
		49E0E2292579D62800A18908 /* StockPreviewUITests */ = {
			isa = PBXNativeTarget;
			buildConfigurationList = 49E0E2392579D62800A18908 /* Build configuration list for PBXNativeTarget "StockPreviewUITests" */;
			buildPhases = (
				49E0E2262579D62800A18908 /* Sources */,
				49E0E2272579D62800A18908 /* Frameworks */,
				49E0E2282579D62800A18908 /* Resources */,
			);
			buildRules = (
			);
			dependencies = (
				49E0E22C2579D62800A18908 /* PBXTargetDependency */,
			);
			name = StockPreviewUITests;
			productName = StockPreviewUITests;
			productReference = 49E0E22A2579D62800A18908 /* StockPreviewUITests.xctest */;
			productType = "com.apple.product-type.bundle.ui-testing";
		};
/* End PBXNativeTarget section */

/* Begin PBXProject section */
		49E0E2012579D62600A18908 /* Project object */ = {
			isa = PBXProject;
			attributes = {
				LastSwiftUpdateCheck = 1220;
				LastUpgradeCheck = 1220;
				TargetAttributes = {
					49E0E2082579D62600A18908 = {
						CreatedOnToolsVersion = 12.2;
					};
					49E0E21E2579D62800A18908 = {
						CreatedOnToolsVersion = 12.2;
						TestTargetID = 49E0E2082579D62600A18908;
					};
					49E0E2292579D62800A18908 = {
						CreatedOnToolsVersion = 12.2;
						TestTargetID = 49E0E2082579D62600A18908;
					};
				};
			};
			buildConfigurationList = 49E0E2042579D62600A18908 /* Build configuration list for PBXProject "StockPreview" */;
			compatibilityVersion = "Xcode 9.3";
			developmentRegion = en;
			hasScannedForEncodings = 0;
			knownRegions = (
				en,
				Base,
			);
			mainGroup = 49E0E2002579D62600A18908;
			productRefGroup = 49E0E20A2579D62600A18908 /* Products */;
			projectDirPath = "";
			projectRoot = "";
			targets = (
				49E0E2082579D62600A18908 /* StockPreview */,
				49E0E21E2579D62800A18908 /* StockPreviewTests */,
				49E0E2292579D62800A18908 /* StockPreviewUITests */,
			);
		};
/* End PBXProject section */

/* Begin PBXResourcesBuildPhase section */
		49E0E2072579D62600A18908 /* Resources */ = {
			isa = PBXResourcesBuildPhase;
			buildActionMask = 2147483647;
			files = (
				49E0E2192579D62700A18908 /* LaunchScreen.storyboard in Resources */,
				49E0E2162579D62700A18908 /* Assets.xcassets in Resources */,
				49BA1909257B198900CD7BEC /* DataSymbolViewCell.xib in Resources */,
				4968C4EF257CD20D00A1D5E2 /* DailyData1HeaderTableViewCell.xib in Resources */,
				49E0E2142579D62600A18908 /* Main.storyboard in Resources */,
				4968C4D6257B983F00A1D5E2 /* IntradayHeaderTableViewCell.xib in Resources */,
				4968C509257D128500A1D5E2 /* DailyData3TableViewCell.xib in Resources */,
				4968C51A257D12AF00A1D5E2 /* DailyData3HeaderTableViewCell.xib in Resources */,
				4968C502257D127800A1D5E2 /* DailyData2TableViewCell.xib in Resources */,
				49BA194A257B40A800CD7BEC /* DailyData1TableViewCell.xib in Resources */,
				4968C510257D12A400A1D5E2 /* DailyData2HeaderTableViewCell.xib in Resources */,
			);
			runOnlyForDeploymentPostprocessing = 0;
		};
		49E0E21D2579D62800A18908 /* Resources */ = {
			isa = PBXResourcesBuildPhase;
			buildActionMask = 2147483647;
			files = (
			);
			runOnlyForDeploymentPostprocessing = 0;
		};
		49E0E2282579D62800A18908 /* Resources */ = {
			isa = PBXResourcesBuildPhase;
			buildActionMask = 2147483647;
			files = (
			);
			runOnlyForDeploymentPostprocessing = 0;
		};
/* End PBXResourcesBuildPhase section */

/* Begin PBXSourcesBuildPhase section */
		49E0E2052579D62600A18908 /* Sources */ = {
			isa = PBXSourcesBuildPhase;
			buildActionMask = 2147483647;
			files = (
				4968C4BB257B790500A1D5E2 /* Resource.swift in Sources */,
				4968C475257B6AF600A1D5E2 /* SettingTableViewController.swift in Sources */,
				4968C4C0257B794700A1D5E2 /* GenericResult.swift in Sources */,
				4968C4CA257B82C000A1D5E2 /* APIClient.swift in Sources */,
				49BA1933257B3F8A00CD7BEC /* DailyDataViewController.swift in Sources */,
				4968C4E8257CCADA00A1D5E2 /* DailyData.swift in Sources */,
				4968C4C5257B79BD00A1D5E2 /* URLRequest+Resource.swift in Sources */,
				49E0E20D2579D62600A18908 /* AppDelegate.swift in Sources */,
				4968C4D5257B983F00A1D5E2 /* IntradayHeaderTableViewCell.swift in Sources */,
				4968C4EE257CD20D00A1D5E2 /* DailyData1HeaderTableViewCell.swift in Sources */,
				49BA191E257B1EDA00CD7BEC /* DataSymbolTableViewCell.swift in Sources */,
				4968C4DE257CC49700A1D5E2 /* Extension.swift in Sources */,
				491F3DF2257DA17000162EC4 /* IntradayData.swift in Sources */,
				4968C4CF257B842800A1D5E2 /* Repository.swift in Sources */,
				4968C50F257D12A400A1D5E2 /* DailyData2HeaderTableViewCell.swift in Sources */,
				4968C519257D12AF00A1D5E2 /* DailyData3HeaderTableViewCell.swift in Sources */,
				49BA1916257B1B2F00CD7BEC /* IntradayViewController.swift in Sources */,
				4968C508257D128500A1D5E2 /* DailyData3TableViewCell.swift in Sources */,
				49E0E20F2579D62600A18908 /* SceneDelegate.swift in Sources */,
				4968C501257D127800A1D5E2 /* DailyData2TableViewCell.swift in Sources */,
				49BA1949257B40A800CD7BEC /* DailyData1TableViewCell.swift in Sources */,
				4968C4E3257CC59B00A1D5E2 /* Spinner.swift in Sources */,
			);
			runOnlyForDeploymentPostprocessing = 0;
		};
		49E0E21B2579D62800A18908 /* Sources */ = {
			isa = PBXSourcesBuildPhase;
			buildActionMask = 2147483647;
			files = (
				49E0E2242579D62800A18908 /* StockPreviewTests.swift in Sources */,
			);
			runOnlyForDeploymentPostprocessing = 0;
		};
		49E0E2262579D62800A18908 /* Sources */ = {
			isa = PBXSourcesBuildPhase;
			buildActionMask = 2147483647;
			files = (
				49E0E22F2579D62800A18908 /* StockPreviewUITests.swift in Sources */,
			);
			runOnlyForDeploymentPostprocessing = 0;
		};
/* End PBXSourcesBuildPhase section */

/* Begin PBXTargetDependency section */
		49E0E2212579D62800A18908 /* PBXTargetDependency */ = {
			isa = PBXTargetDependency;
			target = 49E0E2082579D62600A18908 /* StockPreview */;
			targetProxy = 49E0E2202579D62800A18908 /* PBXContainerItemProxy */;
		};
		49E0E22C2579D62800A18908 /* PBXTargetDependency */ = {
			isa = PBXTargetDependency;
			target = 49E0E2082579D62600A18908 /* StockPreview */;
			targetProxy = 49E0E22B2579D62800A18908 /* PBXContainerItemProxy */;
		};
/* End PBXTargetDependency section */

/* Begin PBXVariantGroup section */
		49E0E2122579D62600A18908 /* Main.storyboard */ = {
			isa = PBXVariantGroup;
			children = (
				49E0E2132579D62600A18908 /* Base */,
			);
			name = Main.storyboard;
			sourceTree = "<group>";
		};
		49E0E2172579D62700A18908 /* LaunchScreen.storyboard */ = {
			isa = PBXVariantGroup;
			children = (
				49E0E2182579D62700A18908 /* Base */,
			);
			name = LaunchScreen.storyboard;
			sourceTree = "<group>";
		};
/* End PBXVariantGroup section */

/* Begin XCBuildConfiguration section */
		49E0E2312579D62800A18908 /* Debug */ = {
			isa = XCBuildConfiguration;
			buildSettings = {
				ALWAYS_SEARCH_USER_PATHS = NO;
				CLANG_ANALYZER_NONNULL = YES;
				CLANG_ANALYZER_NUMBER_OBJECT_CONVERSION = YES_AGGRESSIVE;
				CLANG_CXX_LANGUAGE_STANDARD = "gnu++14";
				CLANG_CXX_LIBRARY = "libc++";
				CLANG_ENABLE_MODULES = YES;
				CLANG_ENABLE_OBJC_ARC = YES;
				CLANG_ENABLE_OBJC_WEAK = YES;
				CLANG_WARN_BLOCK_CAPTURE_AUTORELEASING = YES;
				CLANG_WARN_BOOL_CONVERSION = YES;
				CLANG_WARN_COMMA = YES;
				CLANG_WARN_CONSTANT_CONVERSION = YES;
				CLANG_WARN_DEPRECATED_OBJC_IMPLEMENTATIONS = YES;
				CLANG_WARN_DIRECT_OBJC_ISA_USAGE = YES_ERROR;
				CLANG_WARN_DOCUMENTATION_COMMENTS = YES;
				CLANG_WARN_EMPTY_BODY = YES;
				CLANG_WARN_ENUM_CONVERSION = YES;
				CLANG_WARN_INFINITE_RECURSION = YES;
				CLANG_WARN_INT_CONVERSION = YES;
				CLANG_WARN_NON_LITERAL_NULL_CONVERSION = YES;
				CLANG_WARN_OBJC_IMPLICIT_RETAIN_SELF = YES;
				CLANG_WARN_OBJC_LITERAL_CONVERSION = YES;
				CLANG_WARN_OBJC_ROOT_CLASS = YES_ERROR;
				CLANG_WARN_QUOTED_INCLUDE_IN_FRAMEWORK_HEADER = YES;
				CLANG_WARN_RANGE_LOOP_ANALYSIS = YES;
				CLANG_WARN_STRICT_PROTOTYPES = YES;
				CLANG_WARN_SUSPICIOUS_MOVE = YES;
				CLANG_WARN_UNGUARDED_AVAILABILITY = YES_AGGRESSIVE;
				CLANG_WARN_UNREACHABLE_CODE = YES;
				CLANG_WARN__DUPLICATE_METHOD_MATCH = YES;
				COPY_PHASE_STRIP = NO;
				DEBUG_INFORMATION_FORMAT = dwarf;
				ENABLE_STRICT_OBJC_MSGSEND = YES;
				ENABLE_TESTABILITY = YES;
				GCC_C_LANGUAGE_STANDARD = gnu11;
				GCC_DYNAMIC_NO_PIC = NO;
				GCC_NO_COMMON_BLOCKS = YES;
				GCC_OPTIMIZATION_LEVEL = 0;
				GCC_PREPROCESSOR_DEFINITIONS = (
					"DEBUG=1",
					"$(inherited)",
				);
				GCC_WARN_64_TO_32_BIT_CONVERSION = YES;
				GCC_WARN_ABOUT_RETURN_TYPE = YES_ERROR;
				GCC_WARN_UNDECLARED_SELECTOR = YES;
				GCC_WARN_UNINITIALIZED_AUTOS = YES_AGGRESSIVE;
				GCC_WARN_UNUSED_FUNCTION = YES;
				GCC_WARN_UNUSED_VARIABLE = YES;
				IPHONEOS_DEPLOYMENT_TARGET = 14.2;
				MTL_ENABLE_DEBUG_INFO = INCLUDE_SOURCE;
				MTL_FAST_MATH = YES;
				ONLY_ACTIVE_ARCH = YES;
				SDKROOT = iphoneos;
				SWIFT_ACTIVE_COMPILATION_CONDITIONS = DEBUG;
				SWIFT_OPTIMIZATION_LEVEL = "-Onone";
			};
			name = Debug;
		};
		49E0E2322579D62800A18908 /* Release */ = {
			isa = XCBuildConfiguration;
			buildSettings = {
				ALWAYS_SEARCH_USER_PATHS = NO;
				CLANG_ANALYZER_NONNULL = YES;
				CLANG_ANALYZER_NUMBER_OBJECT_CONVERSION = YES_AGGRESSIVE;
				CLANG_CXX_LANGUAGE_STANDARD = "gnu++14";
				CLANG_CXX_LIBRARY = "libc++";
				CLANG_ENABLE_MODULES = YES;
				CLANG_ENABLE_OBJC_ARC = YES;
				CLANG_ENABLE_OBJC_WEAK = YES;
				CLANG_WARN_BLOCK_CAPTURE_AUTORELEASING = YES;
				CLANG_WARN_BOOL_CONVERSION = YES;
				CLANG_WARN_COMMA = YES;
				CLANG_WARN_CONSTANT_CONVERSION = YES;
				CLANG_WARN_DEPRECATED_OBJC_IMPLEMENTATIONS = YES;
				CLANG_WARN_DIRECT_OBJC_ISA_USAGE = YES_ERROR;
				CLANG_WARN_DOCUMENTATION_COMMENTS = YES;
				CLANG_WARN_EMPTY_BODY = YES;
				CLANG_WARN_ENUM_CONVERSION = YES;
				CLANG_WARN_INFINITE_RECURSION = YES;
				CLANG_WARN_INT_CONVERSION = YES;
				CLANG_WARN_NON_LITERAL_NULL_CONVERSION = YES;
				CLANG_WARN_OBJC_IMPLICIT_RETAIN_SELF = YES;
				CLANG_WARN_OBJC_LITERAL_CONVERSION = YES;
				CLANG_WARN_OBJC_ROOT_CLASS = YES_ERROR;
				CLANG_WARN_QUOTED_INCLUDE_IN_FRAMEWORK_HEADER = YES;
				CLANG_WARN_RANGE_LOOP_ANALYSIS = YES;
				CLANG_WARN_STRICT_PROTOTYPES = YES;
				CLANG_WARN_SUSPICIOUS_MOVE = YES;
				CLANG_WARN_UNGUARDED_AVAILABILITY = YES_AGGRESSIVE;
				CLANG_WARN_UNREACHABLE_CODE = YES;
				CLANG_WARN__DUPLICATE_METHOD_MATCH = YES;
				COPY_PHASE_STRIP = NO;
				DEBUG_INFORMATION_FORMAT = "dwarf-with-dsym";
				ENABLE_NS_ASSERTIONS = NO;
				ENABLE_STRICT_OBJC_MSGSEND = YES;
				GCC_C_LANGUAGE_STANDARD = gnu11;
				GCC_NO_COMMON_BLOCKS = YES;
				GCC_WARN_64_TO_32_BIT_CONVERSION = YES;
				GCC_WARN_ABOUT_RETURN_TYPE = YES_ERROR;
				GCC_WARN_UNDECLARED_SELECTOR = YES;
				GCC_WARN_UNINITIALIZED_AUTOS = YES_AGGRESSIVE;
				GCC_WARN_UNUSED_FUNCTION = YES;
				GCC_WARN_UNUSED_VARIABLE = YES;
				IPHONEOS_DEPLOYMENT_TARGET = 14.2;
				MTL_ENABLE_DEBUG_INFO = NO;
				MTL_FAST_MATH = YES;
				SDKROOT = iphoneos;
				SWIFT_COMPILATION_MODE = wholemodule;
				SWIFT_OPTIMIZATION_LEVEL = "-O";
				VALIDATE_PRODUCT = YES;
			};
			name = Release;
		};
		49E0E2342579D62800A18908 /* Debug */ = {
			isa = XCBuildConfiguration;
			buildSettings = {
				ASSETCATALOG_COMPILER_APPICON_NAME = AppIcon;
				ASSETCATALOG_COMPILER_GLOBAL_ACCENT_COLOR_NAME = AccentColor;
				CODE_SIGN_STYLE = Automatic;
				DEVELOPMENT_TEAM = J4FA69S8YM;
				INFOPLIST_FILE = StockPreview/Info.plist;
				LD_RUNPATH_SEARCH_PATHS = (
					"$(inherited)",
					"@executable_path/Frameworks",
				);
				PRODUCT_BUNDLE_IDENTIFIER = com.aia.StockPreview;
				PRODUCT_NAME = "$(TARGET_NAME)";
				SWIFT_VERSION = 5.0;
				TARGETED_DEVICE_FAMILY = "1,2";
			};
			name = Debug;
		};
		49E0E2352579D62800A18908 /* Release */ = {
			isa = XCBuildConfiguration;
			buildSettings = {
				ASSETCATALOG_COMPILER_APPICON_NAME = AppIcon;
				ASSETCATALOG_COMPILER_GLOBAL_ACCENT_COLOR_NAME = AccentColor;
				CODE_SIGN_STYLE = Automatic;
				DEVELOPMENT_TEAM = J4FA69S8YM;
				INFOPLIST_FILE = StockPreview/Info.plist;
				LD_RUNPATH_SEARCH_PATHS = (
					"$(inherited)",
					"@executable_path/Frameworks",
				);
				PRODUCT_BUNDLE_IDENTIFIER = com.aia.StockPreview;
				PRODUCT_NAME = "$(TARGET_NAME)";
				SWIFT_VERSION = 5.0;
				TARGETED_DEVICE_FAMILY = "1,2";
			};
			name = Release;
		};
		49E0E2372579D62800A18908 /* Debug */ = {
			isa = XCBuildConfiguration;
			buildSettings = {
				ALWAYS_EMBED_SWIFT_STANDARD_LIBRARIES = YES;
				BUNDLE_LOADER = "$(TEST_HOST)";
				CODE_SIGN_STYLE = Automatic;
				DEVELOPMENT_TEAM = J4FA69S8YM;
				INFOPLIST_FILE = StockPreviewTests/Info.plist;
				IPHONEOS_DEPLOYMENT_TARGET = 14.2;
				LD_RUNPATH_SEARCH_PATHS = (
					"$(inherited)",
					"@executable_path/Frameworks",
					"@loader_path/Frameworks",
				);
				PRODUCT_BUNDLE_IDENTIFIER = com.aia.StockPreviewTests;
				PRODUCT_NAME = "$(TARGET_NAME)";
				SWIFT_VERSION = 5.0;
				TARGETED_DEVICE_FAMILY = "1,2";
				TEST_HOST = "$(BUILT_PRODUCTS_DIR)/StockPreview.app/StockPreview";
			};
			name = Debug;
		};
		49E0E2382579D62800A18908 /* Release */ = {
			isa = XCBuildConfiguration;
			buildSettings = {
				ALWAYS_EMBED_SWIFT_STANDARD_LIBRARIES = YES;
				BUNDLE_LOADER = "$(TEST_HOST)";
				CODE_SIGN_STYLE = Automatic;
				DEVELOPMENT_TEAM = J4FA69S8YM;
				INFOPLIST_FILE = StockPreviewTests/Info.plist;
				IPHONEOS_DEPLOYMENT_TARGET = 14.2;
				LD_RUNPATH_SEARCH_PATHS = (
					"$(inherited)",
					"@executable_path/Frameworks",
					"@loader_path/Frameworks",
				);
				PRODUCT_BUNDLE_IDENTIFIER = com.aia.StockPreviewTests;
				PRODUCT_NAME = "$(TARGET_NAME)";
				SWIFT_VERSION = 5.0;
				TARGETED_DEVICE_FAMILY = "1,2";
				TEST_HOST = "$(BUILT_PRODUCTS_DIR)/StockPreview.app/StockPreview";
			};
			name = Release;
		};
		49E0E23A2579D62800A18908 /* Debug */ = {
			isa = XCBuildConfiguration;
			buildSettings = {
				ALWAYS_EMBED_SWIFT_STANDARD_LIBRARIES = YES;
				CODE_SIGN_STYLE = Automatic;
				DEVELOPMENT_TEAM = J4FA69S8YM;
				INFOPLIST_FILE = StockPreviewUITests/Info.plist;
				LD_RUNPATH_SEARCH_PATHS = (
					"$(inherited)",
					"@executable_path/Frameworks",
					"@loader_path/Frameworks",
				);
				PRODUCT_BUNDLE_IDENTIFIER = com.aia.StockPreviewUITests;
				PRODUCT_NAME = "$(TARGET_NAME)";
				SWIFT_VERSION = 5.0;
				TARGETED_DEVICE_FAMILY = "1,2";
				TEST_TARGET_NAME = StockPreview;
			};
			name = Debug;
		};
		49E0E23B2579D62800A18908 /* Release */ = {
			isa = XCBuildConfiguration;
			buildSettings = {
				ALWAYS_EMBED_SWIFT_STANDARD_LIBRARIES = YES;
				CODE_SIGN_STYLE = Automatic;
				DEVELOPMENT_TEAM = J4FA69S8YM;
				INFOPLIST_FILE = StockPreviewUITests/Info.plist;
				LD_RUNPATH_SEARCH_PATHS = (
					"$(inherited)",
					"@executable_path/Frameworks",
					"@loader_path/Frameworks",
				);
				PRODUCT_BUNDLE_IDENTIFIER = com.aia.StockPreviewUITests;
				PRODUCT_NAME = "$(TARGET_NAME)";
				SWIFT_VERSION = 5.0;
				TARGETED_DEVICE_FAMILY = "1,2";
				TEST_TARGET_NAME = StockPreview;
			};
			name = Release;
		};
/* End XCBuildConfiguration section */

/* Begin XCConfigurationList section */
		49E0E2042579D62600A18908 /* Build configuration list for PBXProject "StockPreview" */ = {
			isa = XCConfigurationList;
			buildConfigurations = (
				49E0E2312579D62800A18908 /* Debug */,
				49E0E2322579D62800A18908 /* Release */,
			);
			defaultConfigurationIsVisible = 0;
			defaultConfigurationName = Release;
		};
		49E0E2332579D62800A18908 /* Build configuration list for PBXNativeTarget "StockPreview" */ = {
			isa = XCConfigurationList;
			buildConfigurations = (
				49E0E2342579D62800A18908 /* Debug */,
				49E0E2352579D62800A18908 /* Release */,
			);
			defaultConfigurationIsVisible = 0;
			defaultConfigurationName = Release;
		};
		49E0E2362579D62800A18908 /* Build configuration list for PBXNativeTarget "StockPreviewTests" */ = {
			isa = XCConfigurationList;
			buildConfigurations = (
				49E0E2372579D62800A18908 /* Debug */,
				49E0E2382579D62800A18908 /* Release */,
			);
			defaultConfigurationIsVisible = 0;
			defaultConfigurationName = Release;
		};
		49E0E2392579D62800A18908 /* Build configuration list for PBXNativeTarget "StockPreviewUITests" */ = {
			isa = XCConfigurationList;
			buildConfigurations = (
				49E0E23A2579D62800A18908 /* Debug */,
				49E0E23B2579D62800A18908 /* Release */,
			);
			defaultConfigurationIsVisible = 0;
			defaultConfigurationName = Release;
		};
/* End XCConfigurationList section */
	};
	rootObject = 49E0E2012579D62600A18908 /* Project object */;
}
